PODS:
  - JWTDecode (2.5.0)
  - MBProgressHUD (1.2.0)

DEPENDENCIES:
  - JWTDecode
  - MBProgressHUD

SPEC REPOS:
  trunk:
    - JWTDecode
    - MBProgressHUD

SPEC CHECKSUMS:
  JWTDecode: d4c176a28a29f7e6f9abf5c90ad3002f69b98c7c
  MBProgressHUD: 3ee5efcc380f6a79a7cc9b363dd669c5e1ae7406

PODFILE CHECKSUM: ee1dd0151ae4fb7a0967a1237f0bc490afa2ce33

COCOAPODS: 1.10.1
