PODS:
  - JWTDecode (3.1.0)
  - ProgressHUD (13.7.2)

DEPENDENCIES:
  - JWTDecode
  - ProgressHUD

SPEC REPOS:
  trunk:
    - JWTDecode
    - ProgressHUD

SPEC CHECKSUMS:
  JWTDecode: 3eaab1e06b6f4dcbdd6716aff09ba4c2104ca8b7
  ProgressHUD: 093d24ca970f191744017bee2649e37d0cd1c5b9

PODFILE CHECKSUM: 38d502acd7f8043173875bb7e3b81afd578f7d75

COCOAPODS: 1.12.1
